// !$*UTF8*$!
{
	archiveVersion = 1;
	classes = {
	};
	objectVersion = 48;
	objects = {

/* Begin PBXBuildFile section */
		6D651968204C69B900BF760C /* QuestionNoMedia.xib in Resources */ = {isa = PBXBuildFile; fileRef = 6D651967204C69B900BF760C /* QuestionNoMedia.xib */; };
		6D65196A204C6A2200BF760C /* QuestionNoMediaView.swift in Sources */ = {isa = PBXBuildFile; fileRef = 6D651969204C6A2200BF760C /* QuestionNoMediaView.swift */; };
		6D65196C204C6AAC00BF760C /* QuizViewController.swift in Sources */ = {isa = PBXBuildFile; fileRef = 6D65196B204C6AAC00BF760C /* QuizViewController.swift */; };
		6D65196E204C6FEA00BF760C /* QuestionWithImage.xib in Resources */ = {isa = PBXBuildFile; fileRef = 6D65196D204C6FEA00BF760C /* QuestionWithImage.xib */; };
		6D651970204C6FFA00BF760C /* QuestionWithImageView.swift in Sources */ = {isa = PBXBuildFile; fileRef = 6D65196F204C6FFA00BF760C /* QuestionWithImageView.swift */; };
		6D651972204C732800BF760C /* QuestionType.swift in Sources */ = {isa = PBXBuildFile; fileRef = 6D651971204C732800BF760C /* QuestionType.swift */; };
		6D651976204E0CC100BF760C /* ReadyQuiz.xib in Resources */ = {isa = PBXBuildFile; fileRef = 6D651975204E0CC100BF760C /* ReadyQuiz.xib */; };
		6D651978204E0CD200BF760C /* ReadyQuizView.swift in Sources */ = {isa = PBXBuildFile; fileRef = 6D651977204E0CD200BF760C /* ReadyQuizView.swift */; };
		6D65197C204E152000BF760C /* QuizDelegate.swift in Sources */ = {isa = PBXBuildFile; fileRef = 6D65197B204E152000BF760C /* QuizDelegate.swift */; };
		6DBA1C8F203E502D00F796F4 /* ExamTypeViewController.swift in Sources */ = {isa = PBXBuildFile; fileRef = 6DBA1C8E203E502D00F796F4 /* ExamTypeViewController.swift */; };
		6DBA1C91203E529D00F796F4 /* TopicsTableViewController.swift in Sources */ = {isa = PBXBuildFile; fileRef = 6DBA1C90203E529D00F796F4 /* TopicsTableViewController.swift */; };
		6DBA1C94203E53E900F796F4 /* ExamType.swift in Sources */ = {isa = PBXBuildFile; fileRef = 6DBA1C93203E53E900F796F4 /* ExamType.swift */; };
		6DBA1C97203E577500F796F4 /* Topic.swift in Sources */ = {isa = PBXBuildFile; fileRef = 6DBA1C96203E577500F796F4 /* Topic.swift */; };
		6DBA1C99203E579900F796F4 /* Question.swift in Sources */ = {isa = PBXBuildFile; fileRef = 6DBA1C98203E579800F796F4 /* Question.swift */; };
		6DBA1C9B203E587600F796F4 /* Course.swift in Sources */ = {isa = PBXBuildFile; fileRef = 6DBA1C9A203E587600F796F4 /* Course.swift */; };
		6DBA1C9F203E61BB00F796F4 /* TopicTableViewCell.swift in Sources */ = {isa = PBXBuildFile; fileRef = 6DBA1C9E203E61BB00F796F4 /* TopicTableViewCell.swift */; };
		6DDB5EA4203A13CB00DA5399 /* AppDelegate.swift in Sources */ = {isa = PBXBuildFile; fileRef = 6DDB5EA3203A13CB00DA5399 /* AppDelegate.swift */; };
		6DDB5EA9203A13CB00DA5399 /* Main.storyboard in Resources */ = {isa = PBXBuildFile; fileRef = 6DDB5EA7203A13CB00DA5399 /* Main.storyboard */; };
		6DDB5EAB203A13CB00DA5399 /* Assets.xcassets in Resources */ = {isa = PBXBuildFile; fileRef = 6DDB5EAA203A13CB00DA5399 /* Assets.xcassets */; };
		6DDB5EAE203A13CB00DA5399 /* LaunchScreen.storyboard in Resources */ = {isa = PBXBuildFile; fileRef = 6DDB5EAC203A13CB00DA5399 /* LaunchScreen.storyboard */; };
		6DDB5EB9203A13CB00DA5399 /* Pocket_NewtonTests.swift in Sources */ = {isa = PBXBuildFile; fileRef = 6DDB5EB8203A13CB00DA5399 /* Pocket_NewtonTests.swift */; };
		6DDB5EC4203A13CC00DA5399 /* Pocket_NewtonUITests.swift in Sources */ = {isa = PBXBuildFile; fileRef = 6DDB5EC3203A13CC00DA5399 /* Pocket_NewtonUITests.swift */; };
		6DDB5ED2203A14B500DA5399 /* GoogleService-Info.plist in Resources */ = {isa = PBXBuildFile; fileRef = 6DDB5ED1203A14B500DA5399 /* GoogleService-Info.plist */; };
		6DDB5ED3203A14B500DA5399 /* GoogleService-Info.plist in Resources */ = {isa = PBXBuildFile; fileRef = 6DDB5ED1203A14B500DA5399 /* GoogleService-Info.plist */; };
		6DDB5ED4203A14B500DA5399 /* GoogleService-Info.plist in Resources */ = {isa = PBXBuildFile; fileRef = 6DDB5ED1203A14B500DA5399 /* GoogleService-Info.plist */; };
		AF6179DE592CFD21F6D428AD /* Pods_Pocket_Newton.framework in Frameworks */ = {isa = PBXBuildFile; fileRef = 55407B4F5C0932FAF2D32E36 /* Pods_Pocket_Newton.framework */; };
/* End PBXBuildFile section */

/* Begin PBXContainerItemProxy section */
		6DDB5EB5203A13CB00DA5399 /* PBXContainerItemProxy */ = {
			isa = PBXContainerItemProxy;
			containerPortal = 6DDB5E98203A13CA00DA5399 /* Project object */;
			proxyType = 1;
			remoteGlobalIDString = 6DDB5E9F203A13CA00DA5399;
			remoteInfo = "Pocket Newton";
		};
		6DDB5EC0203A13CB00DA5399 /* PBXContainerItemProxy */ = {
			isa = PBXContainerItemProxy;
			containerPortal = 6DDB5E98203A13CA00DA5399 /* Project object */;
			proxyType = 1;
			remoteGlobalIDString = 6DDB5E9F203A13CA00DA5399;
			remoteInfo = "Pocket Newton";
		};
/* End PBXContainerItemProxy section */

/* Begin PBXFileReference section */
		30A4A3C07EE672B1F76C591D /* Pods-Pocket Newton.debug.xcconfig */ = {isa = PBXFileReference; includeInIndex = 1; lastKnownFileType = text.xcconfig; name = "Pods-Pocket Newton.debug.xcconfig"; path = "Pods/Target Support Files/Pods-Pocket Newton/Pods-Pocket Newton.debug.xcconfig"; sourceTree = "<group>"; };
		55407B4F5C0932FAF2D32E36 /* Pods_Pocket_Newton.framework */ = {isa = PBXFileReference; explicitFileType = wrapper.framework; includeInIndex = 0; path = Pods_Pocket_Newton.framework; sourceTree = BUILT_PRODUCTS_DIR; };
		6D651967204C69B900BF760C /* QuestionNoMedia.xib */ = {isa = PBXFileReference; lastKnownFileType = file.xib; path = QuestionNoMedia.xib; sourceTree = "<group>"; };
		6D651969204C6A2200BF760C /* QuestionNoMediaView.swift */ = {isa = PBXFileReference; lastKnownFileType = sourcecode.swift; path = QuestionNoMediaView.swift; sourceTree = "<group>"; };
		6D65196B204C6AAC00BF760C /* QuizViewController.swift */ = {isa = PBXFileReference; lastKnownFileType = sourcecode.swift; path = QuizViewController.swift; sourceTree = "<group>"; };
		6D65196D204C6FEA00BF760C /* QuestionWithImage.xib */ = {isa = PBXFileReference; lastKnownFileType = file.xib; path = QuestionWithImage.xib; sourceTree = "<group>"; };
		6D65196F204C6FFA00BF760C /* QuestionWithImageView.swift */ = {isa = PBXFileReference; lastKnownFileType = sourcecode.swift; path = QuestionWithImageView.swift; sourceTree = "<group>"; };
		6D651971204C732800BF760C /* QuestionType.swift */ = {isa = PBXFileReference; lastKnownFileType = sourcecode.swift; path = QuestionType.swift; sourceTree = "<group>"; };
		6D651975204E0CC100BF760C /* ReadyQuiz.xib */ = {isa = PBXFileReference; lastKnownFileType = file.xib; path = ReadyQuiz.xib; sourceTree = "<group>"; };
		6D651977204E0CD200BF760C /* ReadyQuizView.swift */ = {isa = PBXFileReference; lastKnownFileType = sourcecode.swift; path = ReadyQuizView.swift; sourceTree = "<group>"; };
		6D65197B204E152000BF760C /* QuizDelegate.swift */ = {isa = PBXFileReference; lastKnownFileType = sourcecode.swift; path = QuizDelegate.swift; sourceTree = "<group>"; };
		6DBA1C8E203E502D00F796F4 /* ExamTypeViewController.swift */ = {isa = PBXFileReference; lastKnownFileType = sourcecode.swift; path = ExamTypeViewController.swift; sourceTree = "<group>"; };
		6DBA1C90203E529D00F796F4 /* TopicsTableViewController.swift */ = {isa = PBXFileReference; lastKnownFileType = sourcecode.swift; path = TopicsTableViewController.swift; sourceTree = "<group>"; };
		6DBA1C93203E53E900F796F4 /* ExamType.swift */ = {isa = PBXFileReference; lastKnownFileType = sourcecode.swift; path = ExamType.swift; sourceTree = "<group>"; };
		6DBA1C96203E577500F796F4 /* Topic.swift */ = {isa = PBXFileReference; lastKnownFileType = sourcecode.swift; path = Topic.swift; sourceTree = "<group>"; };
		6DBA1C98203E579800F796F4 /* Question.swift */ = {isa = PBXFileReference; lastKnownFileType = sourcecode.swift; path = Question.swift; sourceTree = "<group>"; };
		6DBA1C9A203E587600F796F4 /* Course.swift */ = {isa = PBXFileReference; lastKnownFileType = sourcecode.swift; path = Course.swift; sourceTree = "<group>"; };
		6DBA1C9E203E61BB00F796F4 /* TopicTableViewCell.swift */ = {isa = PBXFileReference; lastKnownFileType = sourcecode.swift; path = TopicTableViewCell.swift; sourceTree = "<group>"; };
		6DDB5EA0203A13CA00DA5399 /* Pocket Newton.app */ = {isa = PBXFileReference; explicitFileType = wrapper.application; includeInIndex = 0; path = "Pocket Newton.app"; sourceTree = BUILT_PRODUCTS_DIR; };
		6DDB5EA3203A13CB00DA5399 /* AppDelegate.swift */ = {isa = PBXFileReference; lastKnownFileType = sourcecode.swift; path = AppDelegate.swift; sourceTree = "<group>"; };
		6DDB5EA8203A13CB00DA5399 /* Base */ = {isa = PBXFileReference; lastKnownFileType = file.storyboard; name = Base; path = Base.lproj/Main.storyboard; sourceTree = "<group>"; };
		6DDB5EAA203A13CB00DA5399 /* Assets.xcassets */ = {isa = PBXFileReference; lastKnownFileType = folder.assetcatalog; path = Assets.xcassets; sourceTree = "<group>"; };
		6DDB5EAD203A13CB00DA5399 /* Base */ = {isa = PBXFileReference; lastKnownFileType = file.storyboard; name = Base; path = Base.lproj/LaunchScreen.storyboard; sourceTree = "<group>"; };
		6DDB5EAF203A13CB00DA5399 /* Info.plist */ = {isa = PBXFileReference; lastKnownFileType = text.plist.xml; path = Info.plist; sourceTree = "<group>"; };
		6DDB5EB4203A13CB00DA5399 /* Pocket NewtonTests.xctest */ = {isa = PBXFileReference; explicitFileType = wrapper.cfbundle; includeInIndex = 0; path = "Pocket NewtonTests.xctest"; sourceTree = BUILT_PRODUCTS_DIR; };
		6DDB5EB8203A13CB00DA5399 /* Pocket_NewtonTests.swift */ = {isa = PBXFileReference; lastKnownFileType = sourcecode.swift; path = Pocket_NewtonTests.swift; sourceTree = "<group>"; };
		6DDB5EBA203A13CB00DA5399 /* Info.plist */ = {isa = PBXFileReference; lastKnownFileType = text.plist.xml; path = Info.plist; sourceTree = "<group>"; };
		6DDB5EBF203A13CB00DA5399 /* Pocket NewtonUITests.xctest */ = {isa = PBXFileReference; explicitFileType = wrapper.cfbundle; includeInIndex = 0; path = "Pocket NewtonUITests.xctest"; sourceTree = BUILT_PRODUCTS_DIR; };
		6DDB5EC3203A13CC00DA5399 /* Pocket_NewtonUITests.swift */ = {isa = PBXFileReference; lastKnownFileType = sourcecode.swift; path = Pocket_NewtonUITests.swift; sourceTree = "<group>"; };
		6DDB5EC5203A13CC00DA5399 /* Info.plist */ = {isa = PBXFileReference; lastKnownFileType = text.plist.xml; path = Info.plist; sourceTree = "<group>"; };
		6DDB5ED1203A14B500DA5399 /* GoogleService-Info.plist */ = {isa = PBXFileReference; fileEncoding = 4; lastKnownFileType = text.plist.xml; path = "GoogleService-Info.plist"; sourceTree = "<group>"; };
		A57B26F79E38A58A43F94E4A /* Pods-Pocket Newton.release.xcconfig */ = {isa = PBXFileReference; includeInIndex = 1; lastKnownFileType = text.xcconfig; name = "Pods-Pocket Newton.release.xcconfig"; path = "Pods/Target Support Files/Pods-Pocket Newton/Pods-Pocket Newton.release.xcconfig"; sourceTree = "<group>"; };
/* End PBXFileReference section */

/* Begin PBXFrameworksBuildPhase section */
		6DDB5E9D203A13CA00DA5399 /* Frameworks */ = {
			isa = PBXFrameworksBuildPhase;
			buildActionMask = 2147483647;
			files = (
				AF6179DE592CFD21F6D428AD /* Pods_Pocket_Newton.framework in Frameworks */,
			);
			runOnlyForDeploymentPostprocessing = 0;
		};
		6DDB5EB1203A13CB00DA5399 /* Frameworks */ = {
			isa = PBXFrameworksBuildPhase;
			buildActionMask = 2147483647;
			files = (
			);
			runOnlyForDeploymentPostprocessing = 0;
		};
		6DDB5EBC203A13CB00DA5399 /* Frameworks */ = {
			isa = PBXFrameworksBuildPhase;
			buildActionMask = 2147483647;
			files = (
			);
			runOnlyForDeploymentPostprocessing = 0;
		};
/* End PBXFrameworksBuildPhase section */

/* Begin PBXGroup section */
		3DE511CC0FFEA573D3D62D9B /* Pods */ = {
			isa = PBXGroup;
			children = (
				30A4A3C07EE672B1F76C591D /* Pods-Pocket Newton.debug.xcconfig */,
				A57B26F79E38A58A43F94E4A /* Pods-Pocket Newton.release.xcconfig */,
			);
			name = Pods;
			sourceTree = "<group>";
		};
		4BB9C61F50A774D3B811E6F7 /* Frameworks */ = {
			isa = PBXGroup;
			children = (
				55407B4F5C0932FAF2D32E36 /* Pods_Pocket_Newton.framework */,
			);
			name = Frameworks;
			sourceTree = "<group>";
		};
		6D651973204E0C0D00BF760C /* XIBs */ = {
			isa = PBXGroup;
			children = (
				6D651967204C69B900BF760C /* QuestionNoMedia.xib */,
				6D651969204C6A2200BF760C /* QuestionNoMediaView.swift */,
				6D65196D204C6FEA00BF760C /* QuestionWithImage.xib */,
				6D65196F204C6FFA00BF760C /* QuestionWithImageView.swift */,
				6D651975204E0CC100BF760C /* ReadyQuiz.xib */,
				6D651977204E0CD200BF760C /* ReadyQuizView.swift */,
			);
			path = XIBs;
			sourceTree = "<group>";
		};
		6D651974204E0C2200BF760C /* ViewControllers */ = {
			isa = PBXGroup;
			children = (
				6DBA1C8E203E502D00F796F4 /* ExamTypeViewController.swift */,
				6DBA1C90203E529D00F796F4 /* TopicsTableViewController.swift */,
				6D65196B204C6AAC00BF760C /* QuizViewController.swift */,
			);
			path = ViewControllers;
			sourceTree = "<group>";
		};
		6D651979204E14C300BF760C /* Protocols */ = {
			isa = PBXGroup;
			children = (
				6D65197B204E152000BF760C /* QuizDelegate.swift */,
			);
			path = Protocols;
			sourceTree = "<group>";
		};
		6DBA1C92203E53C600F796F4 /* Enums */ = {
			isa = PBXGroup;
			children = (
				6DBA1C93203E53E900F796F4 /* ExamType.swift */,
				6D651971204C732800BF760C /* QuestionType.swift */,
			);
			path = Enums;
			sourceTree = "<group>";
		};
		6DBA1C95203E576B00F796F4 /* Models */ = {
			isa = PBXGroup;
			children = (
				6DBA1C96203E577500F796F4 /* Topic.swift */,
				6DBA1C98203E579800F796F4 /* Question.swift */,
				6DBA1C9A203E587600F796F4 /* Course.swift */,
			);
			path = Models;
			sourceTree = "<group>";
		};
		6DDB5E97203A13CA00DA5399 = {
			isa = PBXGroup;
			children = (
				6DDB5EA2203A13CA00DA5399 /* Pocket Newton */,
				6DDB5EB7203A13CB00DA5399 /* Pocket NewtonTests */,
				6DDB5EC2203A13CB00DA5399 /* Pocket NewtonUITests */,
				6DDB5EA1203A13CA00DA5399 /* Products */,
				3DE511CC0FFEA573D3D62D9B /* Pods */,
				4BB9C61F50A774D3B811E6F7 /* Frameworks */,
			);
			sourceTree = "<group>";
		};
		6DDB5EA1203A13CA00DA5399 /* Products */ = {
			isa = PBXGroup;
			children = (
				6DDB5EA0203A13CA00DA5399 /* Pocket Newton.app */,
				6DDB5EB4203A13CB00DA5399 /* Pocket NewtonTests.xctest */,
				6DDB5EBF203A13CB00DA5399 /* Pocket NewtonUITests.xctest */,
			);
			name = Products;
			sourceTree = "<group>";
		};
		6DDB5EA2203A13CA00DA5399 /* Pocket Newton */ = {
			isa = PBXGroup;
			children = (
				6DBA1C92203E53C600F796F4 /* Enums */,
				6DBA1C95203E576B00F796F4 /* Models */,
				6D651979204E14C300BF760C /* Protocols */,
				6D651974204E0C2200BF760C /* ViewControllers */,
				6D651973204E0C0D00BF760C /* XIBs */,
				6DDB5EA7203A13CB00DA5399 /* Main.storyboard */,
				6DDB5EA3203A13CB00DA5399 /* AppDelegate.swift */,
				6DDB5EAA203A13CB00DA5399 /* Assets.xcassets */,
				6DDB5EAC203A13CB00DA5399 /* LaunchScreen.storyboard */,
				6DDB5EAF203A13CB00DA5399 /* Info.plist */,
				6DDB5ED1203A14B500DA5399 /* GoogleService-Info.plist */,
				6DBA1C9E203E61BB00F796F4 /* TopicTableViewCell.swift */,
			);
			path = "Pocket Newton";
			sourceTree = "<group>";
		};
		6DDB5EB7203A13CB00DA5399 /* Pocket NewtonTests */ = {
			isa = PBXGroup;
			children = (
				6DDB5EB8203A13CB00DA5399 /* Pocket_NewtonTests.swift */,
				6DDB5EBA203A13CB00DA5399 /* Info.plist */,
			);
			path = "Pocket NewtonTests";
			sourceTree = "<group>";
		};
		6DDB5EC2203A13CB00DA5399 /* Pocket NewtonUITests */ = {
			isa = PBXGroup;
			children = (
				6DDB5EC3203A13CC00DA5399 /* Pocket_NewtonUITests.swift */,
				6DDB5EC5203A13CC00DA5399 /* Info.plist */,
			);
			path = "Pocket NewtonUITests";
			sourceTree = "<group>";
		};
/* End PBXGroup section */

/* Begin PBXNativeTarget section */
		6DDB5E9F203A13CA00DA5399 /* Pocket Newton */ = {
			isa = PBXNativeTarget;
			buildConfigurationList = 6DDB5EC8203A13CC00DA5399 /* Build configuration list for PBXNativeTarget "Pocket Newton" */;
			buildPhases = (
				81B0B0A72AF3981D34EFF8B7 /* [CP] Check Pods Manifest.lock */,
				6DDB5E9C203A13CA00DA5399 /* Sources */,
				6DDB5E9D203A13CA00DA5399 /* Frameworks */,
				6DDB5E9E203A13CA00DA5399 /* Resources */,
				31CDD9FF111E6EBEB5EE0004 /* [CP] Embed Pods Frameworks */,
				F8215549B94D68A35DB1E5D5 /* [CP] Copy Pods Resources */,
			);
			buildRules = (
			);
			dependencies = (
			);
			name = "Pocket Newton";
			productName = "Pocket Newton";
			productReference = 6DDB5EA0203A13CA00DA5399 /* Pocket Newton.app */;
			productType = "com.apple.product-type.application";
		};
		6DDB5EB3203A13CB00DA5399 /* Pocket NewtonTests */ = {
			isa = PBXNativeTarget;
			buildConfigurationList = 6DDB5ECB203A13CC00DA5399 /* Build configuration list for PBXNativeTarget "Pocket NewtonTests" */;
			buildPhases = (
				6DDB5EB0203A13CB00DA5399 /* Sources */,
				6DDB5EB1203A13CB00DA5399 /* Frameworks */,
				6DDB5EB2203A13CB00DA5399 /* Resources */,
			);
			buildRules = (
			);
			dependencies = (
				6DDB5EB6203A13CB00DA5399 /* PBXTargetDependency */,
			);
			name = "Pocket NewtonTests";
			productName = "Pocket NewtonTests";
			productReference = 6DDB5EB4203A13CB00DA5399 /* Pocket NewtonTests.xctest */;
			productType = "com.apple.product-type.bundle.unit-test";
		};
		6DDB5EBE203A13CB00DA5399 /* Pocket NewtonUITests */ = {
			isa = PBXNativeTarget;
			buildConfigurationList = 6DDB5ECE203A13CC00DA5399 /* Build configuration list for PBXNativeTarget "Pocket NewtonUITests" */;
			buildPhases = (
				6DDB5EBB203A13CB00DA5399 /* Sources */,
				6DDB5EBC203A13CB00DA5399 /* Frameworks */,
				6DDB5EBD203A13CB00DA5399 /* Resources */,
			);
			buildRules = (
			);
			dependencies = (
				6DDB5EC1203A13CB00DA5399 /* PBXTargetDependency */,
			);
			name = "Pocket NewtonUITests";
			productName = "Pocket NewtonUITests";
			productReference = 6DDB5EBF203A13CB00DA5399 /* Pocket NewtonUITests.xctest */;
			productType = "com.apple.product-type.bundle.ui-testing";
		};
/* End PBXNativeTarget section */

/* Begin PBXProject section */
		6DDB5E98203A13CA00DA5399 /* Project object */ = {
			isa = PBXProject;
			attributes = {
				LastSwiftUpdateCheck = 0920;
				LastUpgradeCheck = 0920;
				ORGANIZATIONNAME = "Rubén de la Peña";
				TargetAttributes = {
					6DDB5E9F203A13CA00DA5399 = {
						CreatedOnToolsVersion = 9.2;
						ProvisioningStyle = Automatic;
					};
					6DDB5EB3203A13CB00DA5399 = {
						CreatedOnToolsVersion = 9.2;
						ProvisioningStyle = Automatic;
						TestTargetID = 6DDB5E9F203A13CA00DA5399;
					};
					6DDB5EBE203A13CB00DA5399 = {
						CreatedOnToolsVersion = 9.2;
						ProvisioningStyle = Automatic;
						TestTargetID = 6DDB5E9F203A13CA00DA5399;
					};
				};
			};
			buildConfigurationList = 6DDB5E9B203A13CA00DA5399 /* Build configuration list for PBXProject "Pocket Newton" */;
			compatibilityVersion = "Xcode 8.0";
			developmentRegion = en;
			hasScannedForEncodings = 0;
			knownRegions = (
				en,
				Base,
			);
			mainGroup = 6DDB5E97203A13CA00DA5399;
			productRefGroup = 6DDB5EA1203A13CA00DA5399 /* Products */;
			projectDirPath = "";
			projectRoot = "";
			targets = (
				6DDB5E9F203A13CA00DA5399 /* Pocket Newton */,
				6DDB5EB3203A13CB00DA5399 /* Pocket NewtonTests */,
				6DDB5EBE203A13CB00DA5399 /* Pocket NewtonUITests */,
			);
		};
/* End PBXProject section */

/* Begin PBXResourcesBuildPhase section */
		6DDB5E9E203A13CA00DA5399 /* Resources */ = {
			isa = PBXResourcesBuildPhase;
			buildActionMask = 2147483647;
			files = (
				6D651976204E0CC100BF760C /* ReadyQuiz.xib in Resources */,
				6DDB5EAE203A13CB00DA5399 /* LaunchScreen.storyboard in Resources */,
				6D65196E204C6FEA00BF760C /* QuestionWithImage.xib in Resources */,
				6DDB5ED2203A14B500DA5399 /* GoogleService-Info.plist in Resources */,
				6DDB5EAB203A13CB00DA5399 /* Assets.xcassets in Resources */,
				6D651968204C69B900BF760C /* QuestionNoMedia.xib in Resources */,
				6DDB5EA9203A13CB00DA5399 /* Main.storyboard in Resources */,
			);
			runOnlyForDeploymentPostprocessing = 0;
		};
		6DDB5EB2203A13CB00DA5399 /* Resources */ = {
			isa = PBXResourcesBuildPhase;
			buildActionMask = 2147483647;
			files = (
				6DDB5ED3203A14B500DA5399 /* GoogleService-Info.plist in Resources */,
			);
			runOnlyForDeploymentPostprocessing = 0;
		};
		6DDB5EBD203A13CB00DA5399 /* Resources */ = {
			isa = PBXResourcesBuildPhase;
			buildActionMask = 2147483647;
			files = (
				6DDB5ED4203A14B500DA5399 /* GoogleService-Info.plist in Resources */,
			);
			runOnlyForDeploymentPostprocessing = 0;
		};
/* End PBXResourcesBuildPhase section */

/* Begin PBXShellScriptBuildPhase section */
		31CDD9FF111E6EBEB5EE0004 /* [CP] Embed Pods Frameworks */ = {
			isa = PBXShellScriptBuildPhase;
			buildActionMask = 2147483647;
			files = (
			);
			inputPaths = (
				"${SRCROOT}/Pods/Target Support Files/Pods-Pocket Newton/Pods-Pocket Newton-frameworks.sh",
				"${BUILT_PRODUCTS_DIR}/GTMSessionFetcher/GTMSessionFetcher.framework",
				"${BUILT_PRODUCTS_DIR}/GoogleToolboxForMac/GoogleToolboxForMac.framework",
				"${BUILT_PRODUCTS_DIR}/leveldb-library/leveldb.framework",
				"${BUILT_PRODUCTS_DIR}/nanopb/nanopb.framework",
			);
			name = "[CP] Embed Pods Frameworks";
			outputPaths = (
				"${TARGET_BUILD_DIR}/${FRAMEWORKS_FOLDER_PATH}/GTMSessionFetcher.framework",
				"${TARGET_BUILD_DIR}/${FRAMEWORKS_FOLDER_PATH}/GoogleToolboxForMac.framework",
				"${TARGET_BUILD_DIR}/${FRAMEWORKS_FOLDER_PATH}/leveldb.framework",
				"${TARGET_BUILD_DIR}/${FRAMEWORKS_FOLDER_PATH}/nanopb.framework",
			);
			runOnlyForDeploymentPostprocessing = 0;
			shellPath = /bin/sh;
			shellScript = "\"${SRCROOT}/Pods/Target Support Files/Pods-Pocket Newton/Pods-Pocket Newton-frameworks.sh\"\n";
			showEnvVarsInLog = 0;
		};
		81B0B0A72AF3981D34EFF8B7 /* [CP] Check Pods Manifest.lock */ = {
			isa = PBXShellScriptBuildPhase;
			buildActionMask = 2147483647;
			files = (
			);
			inputPaths = (
				"${PODS_PODFILE_DIR_PATH}/Podfile.lock",
				"${PODS_ROOT}/Manifest.lock",
			);
			name = "[CP] Check Pods Manifest.lock";
			outputPaths = (
				"$(DERIVED_FILE_DIR)/Pods-Pocket Newton-checkManifestLockResult.txt",
			);
			runOnlyForDeploymentPostprocessing = 0;
			shellPath = /bin/sh;
			shellScript = "diff \"${PODS_PODFILE_DIR_PATH}/Podfile.lock\" \"${PODS_ROOT}/Manifest.lock\" > /dev/null\nif [ $? != 0 ] ; then\n    # print error to STDERR\n    echo \"error: The sandbox is not in sync with the Podfile.lock. Run 'pod install' or update your CocoaPods installation.\" >&2\n    exit 1\nfi\n# This output is used by Xcode 'outputs' to avoid re-running this script phase.\necho \"SUCCESS\" > \"${SCRIPT_OUTPUT_FILE_0}\"\n";
			showEnvVarsInLog = 0;
		};
		F8215549B94D68A35DB1E5D5 /* [CP] Copy Pods Resources */ = {
			isa = PBXShellScriptBuildPhase;
			buildActionMask = 2147483647;
			files = (
			);
			inputPaths = (
			);
			name = "[CP] Copy Pods Resources";
			outputPaths = (
			);
			runOnlyForDeploymentPostprocessing = 0;
			shellPath = /bin/sh;
			shellScript = "\"${SRCROOT}/Pods/Target Support Files/Pods-Pocket Newton/Pods-Pocket Newton-resources.sh\"\n";
			showEnvVarsInLog = 0;
		};
/* End PBXShellScriptBuildPhase section */

/* Begin PBXSourcesBuildPhase section */
		6DDB5E9C203A13CA00DA5399 /* Sources */ = {
			isa = PBXSourcesBuildPhase;
			buildActionMask = 2147483647;
			files = (
				6DBA1C91203E529D00F796F4 /* TopicsTableViewController.swift in Sources */,
				6D65196C204C6AAC00BF760C /* QuizViewController.swift in Sources */,
				6DBA1C9B203E587600F796F4 /* Course.swift in Sources */,
				6DBA1C97203E577500F796F4 /* Topic.swift in Sources */,
				6DDB5EA4203A13CB00DA5399 /* AppDelegate.swift in Sources */,
				6D65196A204C6A2200BF760C /* QuestionNoMediaView.swift in Sources */,
				6DBA1C99203E579900F796F4 /* Question.swift in Sources */,
				6D651972204C732800BF760C /* QuestionType.swift in Sources */,
				6DBA1C94203E53E900F796F4 /* ExamType.swift in Sources */,
				6D65197C204E152000BF760C /* QuizDelegate.swift in Sources */,
				6D651970204C6FFA00BF760C /* QuestionWithImageView.swift in Sources */,
				6DBA1C9F203E61BB00F796F4 /* TopicTableViewCell.swift in Sources */,
				6DBA1C8F203E502D00F796F4 /* ExamTypeViewController.swift in Sources */,
				6D651978204E0CD200BF760C /* ReadyQuizView.swift in Sources */,
			);
			runOnlyForDeploymentPostprocessing = 0;
		};
		6DDB5EB0203A13CB00DA5399 /* Sources */ = {
			isa = PBXSourcesBuildPhase;
			buildActionMask = 2147483647;
			files = (
				6DDB5EB9203A13CB00DA5399 /* Pocket_NewtonTests.swift in Sources */,
			);
			runOnlyForDeploymentPostprocessing = 0;
		};
		6DDB5EBB203A13CB00DA5399 /* Sources */ = {
			isa = PBXSourcesBuildPhase;
			buildActionMask = 2147483647;
			files = (
				6DDB5EC4203A13CC00DA5399 /* Pocket_NewtonUITests.swift in Sources */,
			);
			runOnlyForDeploymentPostprocessing = 0;
		};
/* End PBXSourcesBuildPhase section */

/* Begin PBXTargetDependency section */
		6DDB5EB6203A13CB00DA5399 /* PBXTargetDependency */ = {
			isa = PBXTargetDependency;
			target = 6DDB5E9F203A13CA00DA5399 /* Pocket Newton */;
			targetProxy = 6DDB5EB5203A13CB00DA5399 /* PBXContainerItemProxy */;
		};
		6DDB5EC1203A13CB00DA5399 /* PBXTargetDependency */ = {
			isa = PBXTargetDependency;
			target = 6DDB5E9F203A13CA00DA5399 /* Pocket Newton */;
			targetProxy = 6DDB5EC0203A13CB00DA5399 /* PBXContainerItemProxy */;
		};
/* End PBXTargetDependency section */

/* Begin PBXVariantGroup section */
		6DDB5EA7203A13CB00DA5399 /* Main.storyboard */ = {
			isa = PBXVariantGroup;
			children = (
				6DDB5EA8203A13CB00DA5399 /* Base */,
			);
			name = Main.storyboard;
			sourceTree = "<group>";
		};
		6DDB5EAC203A13CB00DA5399 /* LaunchScreen.storyboard */ = {
			isa = PBXVariantGroup;
			children = (
				6DDB5EAD203A13CB00DA5399 /* Base */,
			);
			name = LaunchScreen.storyboard;
			sourceTree = "<group>";
		};
/* End PBXVariantGroup section */

/* Begin XCBuildConfiguration section */
		6DDB5EC6203A13CC00DA5399 /* Debug */ = {
			isa = XCBuildConfiguration;
			buildSettings = {
				ALWAYS_SEARCH_USER_PATHS = NO;
				CLANG_ANALYZER_NONNULL = YES;
				CLANG_ANALYZER_NUMBER_OBJECT_CONVERSION = YES_AGGRESSIVE;
				CLANG_CXX_LANGUAGE_STANDARD = "gnu++14";
				CLANG_CXX_LIBRARY = "libc++";
				CLANG_ENABLE_MODULES = YES;
				CLANG_ENABLE_OBJC_ARC = YES;
				CLANG_WARN_BLOCK_CAPTURE_AUTORELEASING = YES;
				CLANG_WARN_BOOL_CONVERSION = YES;
				CLANG_WARN_COMMA = YES;
				CLANG_WARN_CONSTANT_CONVERSION = YES;
				CLANG_WARN_DIRECT_OBJC_ISA_USAGE = YES_ERROR;
				CLANG_WARN_DOCUMENTATION_COMMENTS = YES;
				CLANG_WARN_EMPTY_BODY = YES;
				CLANG_WARN_ENUM_CONVERSION = YES;
				CLANG_WARN_INFINITE_RECURSION = YES;
				CLANG_WARN_INT_CONVERSION = YES;
				CLANG_WARN_NON_LITERAL_NULL_CONVERSION = YES;
				CLANG_WARN_OBJC_LITERAL_CONVERSION = YES;
				CLANG_WARN_OBJC_ROOT_CLASS = YES_ERROR;
				CLANG_WARN_RANGE_LOOP_ANALYSIS = YES;
				CLANG_WARN_STRICT_PROTOTYPES = YES;
				CLANG_WARN_SUSPICIOUS_MOVE = YES;
				CLANG_WARN_UNGUARDED_AVAILABILITY = YES_AGGRESSIVE;
				CLANG_WARN_UNREACHABLE_CODE = YES;
				CLANG_WARN__DUPLICATE_METHOD_MATCH = YES;
				CODE_SIGN_IDENTITY = "iPhone Developer";
				COPY_PHASE_STRIP = NO;
				DEBUG_INFORMATION_FORMAT = dwarf;
				ENABLE_STRICT_OBJC_MSGSEND = YES;
				ENABLE_TESTABILITY = YES;
				GCC_C_LANGUAGE_STANDARD = gnu11;
				GCC_DYNAMIC_NO_PIC = NO;
				GCC_NO_COMMON_BLOCKS = YES;
				GCC_OPTIMIZATION_LEVEL = 0;
				GCC_PREPROCESSOR_DEFINITIONS = (
					"DEBUG=1",
					"$(inherited)",
				);
				GCC_WARN_64_TO_32_BIT_CONVERSION = YES;
				GCC_WARN_ABOUT_RETURN_TYPE = YES_ERROR;
				GCC_WARN_UNDECLARED_SELECTOR = YES;
				GCC_WARN_UNINITIALIZED_AUTOS = YES_AGGRESSIVE;
				GCC_WARN_UNUSED_FUNCTION = YES;
				GCC_WARN_UNUSED_VARIABLE = YES;
				IPHONEOS_DEPLOYMENT_TARGET = 11.2;
				MTL_ENABLE_DEBUG_INFO = YES;
				ONLY_ACTIVE_ARCH = YES;
				SDKROOT = iphoneos;
				SWIFT_ACTIVE_COMPILATION_CONDITIONS = DEBUG;
				SWIFT_OPTIMIZATION_LEVEL = "-Onone";
			};
			name = Debug;
		};
		6DDB5EC7203A13CC00DA5399 /* Release */ = {
			isa = XCBuildConfiguration;
			buildSettings = {
				ALWAYS_SEARCH_USER_PATHS = NO;
				CLANG_ANALYZER_NONNULL = YES;
				CLANG_ANALYZER_NUMBER_OBJECT_CONVERSION = YES_AGGRESSIVE;
				CLANG_CXX_LANGUAGE_STANDARD = "gnu++14";
				CLANG_CXX_LIBRARY = "libc++";
				CLANG_ENABLE_MODULES = YES;
				CLANG_ENABLE_OBJC_ARC = YES;
				CLANG_WARN_BLOCK_CAPTURE_AUTORELEASING = YES;
				CLANG_WARN_BOOL_CONVERSION = YES;
				CLANG_WARN_COMMA = YES;
				CLANG_WARN_CONSTANT_CONVERSION = YES;
				CLANG_WARN_DIRECT_OBJC_ISA_USAGE = YES_ERROR;
				CLANG_WARN_DOCUMENTATION_COMMENTS = YES;
				CLANG_WARN_EMPTY_BODY = YES;
				CLANG_WARN_ENUM_CONVERSION = YES;
				CLANG_WARN_INFINITE_RECURSION = YES;
				CLANG_WARN_INT_CONVERSION = YES;
				CLANG_WARN_NON_LITERAL_NULL_CONVERSION = YES;
				CLANG_WARN_OBJC_LITERAL_CONVERSION = YES;
				CLANG_WARN_OBJC_ROOT_CLASS = YES_ERROR;
				CLANG_WARN_RANGE_LOOP_ANALYSIS = YES;
				CLANG_WARN_STRICT_PROTOTYPES = YES;
				CLANG_WARN_SUSPICIOUS_MOVE = YES;
				CLANG_WARN_UNGUARDED_AVAILABILITY = YES_AGGRESSIVE;
				CLANG_WARN_UNREACHABLE_CODE = YES;
				CLANG_WARN__DUPLICATE_METHOD_MATCH = YES;
				CODE_SIGN_IDENTITY = "iPhone Developer";
				COPY_PHASE_STRIP = NO;
				DEBUG_INFORMATION_FORMAT = "dwarf-with-dsym";
				ENABLE_NS_ASSERTIONS = NO;
				ENABLE_STRICT_OBJC_MSGSEND = YES;
				GCC_C_LANGUAGE_STANDARD = gnu11;
				GCC_NO_COMMON_BLOCKS = YES;
				GCC_WARN_64_TO_32_BIT_CONVERSION = YES;
				GCC_WARN_ABOUT_RETURN_TYPE = YES_ERROR;
				GCC_WARN_UNDECLARED_SELECTOR = YES;
				GCC_WARN_UNINITIALIZED_AUTOS = YES_AGGRESSIVE;
				GCC_WARN_UNUSED_FUNCTION = YES;
				GCC_WARN_UNUSED_VARIABLE = YES;
				IPHONEOS_DEPLOYMENT_TARGET = 11.2;
				MTL_ENABLE_DEBUG_INFO = NO;
				SDKROOT = iphoneos;
				SWIFT_OPTIMIZATION_LEVEL = "-Owholemodule";
				VALIDATE_PRODUCT = YES;
			};
			name = Release;
		};
		6DDB5EC9203A13CC00DA5399 /* Debug */ = {
			isa = XCBuildConfiguration;
			baseConfigurationReference = 30A4A3C07EE672B1F76C591D /* Pods-Pocket Newton.debug.xcconfig */;
			buildSettings = {
				ASSETCATALOG_COMPILER_APPICON_NAME = AppIcon;
				CODE_SIGN_STYLE = Automatic;
				DEVELOPMENT_TEAM = 9PTS226XGC;
				INFOPLIST_FILE = "Pocket Newton/Info.plist";
				IPHONEOS_DEPLOYMENT_TARGET = 10.0;
				LD_RUNPATH_SEARCH_PATHS = "$(inherited) @executable_path/Frameworks";
				PRODUCT_BUNDLE_IDENTIFIER = "REPM.Pocket-Newton";
				PRODUCT_NAME = "$(TARGET_NAME)";
				SWIFT_VERSION = 4.0;
				TARGETED_DEVICE_FAMILY = 1;
			};
			name = Debug;
		};
		6DDB5ECA203A13CC00DA5399 /* Release */ = {
			isa = XCBuildConfiguration;
			baseConfigurationReference = A57B26F79E38A58A43F94E4A /* Pods-Pocket Newton.release.xcconfig */;
			buildSettings = {
				ASSETCATALOG_COMPILER_APPICON_NAME = AppIcon;
				CODE_SIGN_STYLE = Automatic;
				DEVELOPMENT_TEAM = 9PTS226XGC;
				INFOPLIST_FILE = "Pocket Newton/Info.plist";
				IPHONEOS_DEPLOYMENT_TARGET = 10.0;
				LD_RUNPATH_SEARCH_PATHS = "$(inherited) @executable_path/Frameworks";
				PRODUCT_BUNDLE_IDENTIFIER = "REPM.Pocket-Newton";
				PRODUCT_NAME = "$(TARGET_NAME)";
				SWIFT_VERSION = 4.0;
				TARGETED_DEVICE_FAMILY = 1;
			};
			name = Release;
		};
		6DDB5ECC203A13CC00DA5399 /* Debug */ = {
			isa = XCBuildConfiguration;
			buildSettings = {
				ALWAYS_EMBED_SWIFT_STANDARD_LIBRARIES = YES;
				BUNDLE_LOADER = "$(TEST_HOST)";
				CODE_SIGN_STYLE = Automatic;
				DEVELOPMENT_TEAM = 9PTS226XGC;
				INFOPLIST_FILE = "Pocket NewtonTests/Info.plist";
				LD_RUNPATH_SEARCH_PATHS = "$(inherited) @executable_path/Frameworks @loader_path/Frameworks";
				PRODUCT_BUNDLE_IDENTIFIER = "REPM.Pocket-NewtonTests";
				PRODUCT_NAME = "$(TARGET_NAME)";
				SWIFT_VERSION = 4.0;
				TARGETED_DEVICE_FAMILY = "1,2";
				TEST_HOST = "$(BUILT_PRODUCTS_DIR)/Pocket Newton.app/Pocket Newton";
			};
			name = Debug;
		};
		6DDB5ECD203A13CC00DA5399 /* Release */ = {
			isa = XCBuildConfiguration;
			buildSettings = {
				ALWAYS_EMBED_SWIFT_STANDARD_LIBRARIES = YES;
				BUNDLE_LOADER = "$(TEST_HOST)";
				CODE_SIGN_STYLE = Automatic;
				DEVELOPMENT_TEAM = 9PTS226XGC;
				INFOPLIST_FILE = "Pocket NewtonTests/Info.plist";
				LD_RUNPATH_SEARCH_PATHS = "$(inherited) @executable_path/Frameworks @loader_path/Frameworks";
				PRODUCT_BUNDLE_IDENTIFIER = "REPM.Pocket-NewtonTests";
				PRODUCT_NAME = "$(TARGET_NAME)";
				SWIFT_VERSION = 4.0;
				TARGETED_DEVICE_FAMILY = "1,2";
				TEST_HOST = "$(BUILT_PRODUCTS_DIR)/Pocket Newton.app/Pocket Newton";
			};
			name = Release;
		};
		6DDB5ECF203A13CC00DA5399 /* Debug */ = {
			isa = XCBuildConfiguration;
			buildSettings = {
				ALWAYS_EMBED_SWIFT_STANDARD_LIBRARIES = YES;
				CODE_SIGN_STYLE = Automatic;
				DEVELOPMENT_TEAM = 9PTS226XGC;
				INFOPLIST_FILE = "Pocket NewtonUITests/Info.plist";
				LD_RUNPATH_SEARCH_PATHS = "$(inherited) @executable_path/Frameworks @loader_path/Frameworks";
				PRODUCT_BUNDLE_IDENTIFIER = "REPM.Pocket-NewtonUITests";
				PRODUCT_NAME = "$(TARGET_NAME)";
				SWIFT_VERSION = 4.0;
				TARGETED_DEVICE_FAMILY = "1,2";
				TEST_TARGET_NAME = "Pocket Newton";
			};
			name = Debug;
		};
		6DDB5ED0203A13CC00DA5399 /* Release */ = {
			isa = XCBuildConfiguration;
			buildSettings = {
				ALWAYS_EMBED_SWIFT_STANDARD_LIBRARIES = YES;
				CODE_SIGN_STYLE = Automatic;
				DEVELOPMENT_TEAM = 9PTS226XGC;
				INFOPLIST_FILE = "Pocket NewtonUITests/Info.plist";
				LD_RUNPATH_SEARCH_PATHS = "$(inherited) @executable_path/Frameworks @loader_path/Frameworks";
				PRODUCT_BUNDLE_IDENTIFIER = "REPM.Pocket-NewtonUITests";
				PRODUCT_NAME = "$(TARGET_NAME)";
				SWIFT_VERSION = 4.0;
				TARGETED_DEVICE_FAMILY = "1,2";
				TEST_TARGET_NAME = "Pocket Newton";
			};
			name = Release;
		};
/* End XCBuildConfiguration section */

/* Begin XCConfigurationList section */
		6DDB5E9B203A13CA00DA5399 /* Build configuration list for PBXProject "Pocket Newton" */ = {
			isa = XCConfigurationList;
			buildConfigurations = (
				6DDB5EC6203A13CC00DA5399 /* Debug */,
				6DDB5EC7203A13CC00DA5399 /* Release */,
			);
			defaultConfigurationIsVisible = 0;
			defaultConfigurationName = Release;
		};
		6DDB5EC8203A13CC00DA5399 /* Build configuration list for PBXNativeTarget "Pocket Newton" */ = {
			isa = XCConfigurationList;
			buildConfigurations = (
				6DDB5EC9203A13CC00DA5399 /* Debug */,
				6DDB5ECA203A13CC00DA5399 /* Release */,
			);
			defaultConfigurationIsVisible = 0;
			defaultConfigurationName = Release;
		};
		6DDB5ECB203A13CC00DA5399 /* Build configuration list for PBXNativeTarget "Pocket NewtonTests" */ = {
			isa = XCConfigurationList;
			buildConfigurations = (
				6DDB5ECC203A13CC00DA5399 /* Debug */,
				6DDB5ECD203A13CC00DA5399 /* Release */,
			);
			defaultConfigurationIsVisible = 0;
			defaultConfigurationName = Release;
		};
		6DDB5ECE203A13CC00DA5399 /* Build configuration list for PBXNativeTarget "Pocket NewtonUITests" */ = {
			isa = XCConfigurationList;
			buildConfigurations = (
				6DDB5ECF203A13CC00DA5399 /* Debug */,
				6DDB5ED0203A13CC00DA5399 /* Release */,
			);
			defaultConfigurationIsVisible = 0;
			defaultConfigurationName = Release;
		};
/* End XCConfigurationList section */
	};
	rootObject = 6DDB5E98203A13CA00DA5399 /* Project object */;
}
